// !$*UTF8*$!
{
	archiveVersion = 1;
	classes = {
	};
	objectVersion = 50;
	objects = {

/* Begin PBXBuildFile section */
		DACDCDC9248552560046572D /* AppDelegate.swift in Sources */ = {isa = PBXBuildFile; fileRef = DACDCDC8248552560046572D /* AppDelegate.swift */; };
		DACDCDCB248552560046572D /* SceneDelegate.swift in Sources */ = {isa = PBXBuildFile; fileRef = DACDCDCA248552560046572D /* SceneDelegate.swift */; };
		DACDCDCD248552560046572D /* ViewController.swift in Sources */ = {isa = PBXBuildFile; fileRef = DACDCDCC248552560046572D /* ViewController.swift */; };
		DACDCDD0248552560046572D /* Main.storyboard in Resources */ = {isa = PBXBuildFile; fileRef = DACDCDCE248552560046572D /* Main.storyboard */; };
		DACDCDD2248552570046572D /* Assets.xcassets in Resources */ = {isa = PBXBuildFile; fileRef = DACDCDD1248552570046572D /* Assets.xcassets */; };
		DACDCDD5248552570046572D /* LaunchScreen.storyboard in Resources */ = {isa = PBXBuildFile; fileRef = DACDCDD3248552570046572D /* LaunchScreen.storyboard */; };
		DACDCDDE248552890046572D /* TableViewCell.swift in Sources */ = {isa = PBXBuildFile; fileRef = DACDCDDC248552890046572D /* TableViewCell.swift */; };
		DACDCDDF248552890046572D /* TableViewCell.xib in Resources */ = {isa = PBXBuildFile; fileRef = DACDCDDD248552890046572D /* TableViewCell.xib */; };
/* End PBXBuildFile section */

/* Begin PBXFileReference section */
		DACDCDC5248552560046572D /* TableViewCustomWithXib.app */ = {isa = PBXFileReference; explicitFileType = wrapper.application; includeInIndex = 0; path = TableViewCustomWithXib.app; sourceTree = BUILT_PRODUCTS_DIR; };
		DACDCDC8248552560046572D /* AppDelegate.swift */ = {isa = PBXFileReference; lastKnownFileType = sourcecode.swift; path = AppDelegate.swift; sourceTree = "<group>"; };
		DACDCDCA248552560046572D /* SceneDelegate.swift */ = {isa = PBXFileReference; lastKnownFileType = sourcecode.swift; path = SceneDelegate.swift; sourceTree = "<group>"; };
		DACDCDCC248552560046572D /* ViewController.swift */ = {isa = PBXFileReference; lastKnownFileType = sourcecode.swift; path = ViewController.swift; sourceTree = "<group>"; };
		DACDCDCF248552560046572D /* Base */ = {isa = PBXFileReference; lastKnownFileType = file.storyboard; name = Base; path = Base.lproj/Main.storyboard; sourceTree = "<group>"; };
		DACDCDD1248552570046572D /* Assets.xcassets */ = {isa = PBXFileReference; lastKnownFileType = folder.assetcatalog; path = Assets.xcassets; sourceTree = "<group>"; };
		DACDCDD4248552570046572D /* Base */ = {isa = PBXFileReference; lastKnownFileType = file.storyboard; name = Base; path = Base.lproj/LaunchScreen.storyboard; sourceTree = "<group>"; };
		DACDCDD6248552570046572D /* Info.plist */ = {isa = PBXFileReference; lastKnownFileType = text.plist.xml; path = Info.plist; sourceTree = "<group>"; };
		DACDCDDC248552890046572D /* TableViewCell.swift */ = {isa = PBXFileReference; lastKnownFileType = sourcecode.swift; path = TableViewCell.swift; sourceTree = "<group>"; };
		DACDCDDD248552890046572D /* TableViewCell.xib */ = {isa = PBXFileReference; lastKnownFileType = file.xib; path = TableViewCell.xib; sourceTree = "<group>"; };
/* End PBXFileReference section */

/* Begin PBXFrameworksBuildPhase section */
		DACDCDC2248552560046572D /* Frameworks */ = {
			isa = PBXFrameworksBuildPhase;
			buildActionMask = 2147483647;
			files = (
			);
			runOnlyForDeploymentPostprocessing = 0;
		};
/* End PBXFrameworksBuildPhase section */

/* Begin PBXGroup section */
		DACDCDBC248552560046572D = {
			isa = PBXGroup;
			children = (
				DACDCDC7248552560046572D /* TableViewCustomWithXib */,
				DACDCDC6248552560046572D /* Products */,
			);
			sourceTree = "<group>";
		};
		DACDCDC6248552560046572D /* Products */ = {
			isa = PBXGroup;
			children = (
				DACDCDC5248552560046572D /* TableViewCustomWithXib.app */,
			);
			name = Products;
			sourceTree = "<group>";
		};
		DACDCDC7248552560046572D /* TableViewCustomWithXib */ = {
			isa = PBXGroup;
			children = (
				DACDCDC8248552560046572D /* AppDelegate.swift */,
				DACDCDCA248552560046572D /* SceneDelegate.swift */,
				DACDCDCC248552560046572D /* ViewController.swift */,
				DACDCDCE248552560046572D /* Main.storyboard */,
				DACDCDD1248552570046572D /* Assets.xcassets */,
				DACDCDD3248552570046572D /* LaunchScreen.storyboard */,
				DACDCDD6248552570046572D /* Info.plist */,
				DACDCDDC248552890046572D /* TableViewCell.swift */,
				DACDCDDD248552890046572D /* TableViewCell.xib */,
			);
			path = TableViewCustomWithXib;
			sourceTree = "<group>";
		};
/* End PBXGroup section */

/* Begin PBXNativeTarget section */
		DACDCDC4248552560046572D /* TableViewCustomWithXib */ = {
			isa = PBXNativeTarget;
			buildConfigurationList = DACDCDD9248552570046572D /* Build configuration list for PBXNativeTarget "TableViewCustomWithXib" */;
			buildPhases = (
				DACDCDC1248552560046572D /* Sources */,
				DACDCDC2248552560046572D /* Frameworks */,
				DACDCDC3248552560046572D /* Resources */,
			);
			buildRules = (
			);
			dependencies = (
			);
			name = TableViewCustomWithXib;
			productName = TableViewCustomWithXib;
			productReference = DACDCDC5248552560046572D /* TableViewCustomWithXib.app */;
			productType = "com.apple.product-type.application";
		};
/* End PBXNativeTarget section */

/* Begin PBXProject section */
		DACDCDBD248552560046572D /* Project object */ = {
			isa = PBXProject;
			attributes = {
				LastSwiftUpdateCheck = 1150;
				LastUpgradeCheck = 1150;
				ORGANIZATIONNAME = "Muhammad Ilham Ashiddiq Tresnawan";
				TargetAttributes = {
					DACDCDC4248552560046572D = {
						CreatedOnToolsVersion = 11.5;
					};
				};
			};
			buildConfigurationList = DACDCDC0248552560046572D /* Build configuration list for PBXProject "TableViewCustomWithXib" */;
			compatibilityVersion = "Xcode 9.3";
			developmentRegion = en;
			hasScannedForEncodings = 0;
			knownRegions = (
				en,
				Base,
			);
			mainGroup = DACDCDBC248552560046572D;
			productRefGroup = DACDCDC6248552560046572D /* Products */;
			projectDirPath = "";
			projectRoot = "";
			targets = (
				DACDCDC4248552560046572D /* TableViewCustomWithXib */,
			);
		};
/* End PBXProject section */

/* Begin PBXResourcesBuildPhase section */
		DACDCDC3248552560046572D /* Resources */ = {
			isa = PBXResourcesBuildPhase;
			buildActionMask = 2147483647;
			files = (
				DACDCDD5248552570046572D /* LaunchScreen.storyboard in Resources */,
				DACDCDDF248552890046572D /* TableViewCell.xib in Resources */,
				DACDCDD2248552570046572D /* Assets.xcassets in Resources */,
				DACDCDD0248552560046572D /* Main.storyboard in Resources */,
			);
			runOnlyForDeploymentPostprocessing = 0;
		};
/* End PBXResourcesBuildPhase section */

/* Begin PBXSourcesBuildPhase section */
		DACDCDC1248552560046572D /* Sources */ = {
			isa = PBXSourcesBuildPhase;
			buildActionMask = 2147483647;
			files = (
				DACDCDCD248552560046572D /* ViewController.swift in Sources */,
				DACDCDDE248552890046572D /* TableViewCell.swift in Sources */,
				DACDCDC9248552560046572D /* AppDelegate.swift in Sources */,
				DACDCDCB248552560046572D /* SceneDelegate.swift in Sources */,
			);
			runOnlyForDeploymentPostprocessing = 0;
		};
/* End PBXSourcesBuildPhase section */

/* Begin PBXVariantGroup section */
		DACDCDCE248552560046572D /* Main.storyboard */ = {
			isa = PBXVariantGroup;
			children = (
				DACDCDCF248552560046572D /* Base */,
			);
			name = Main.storyboard;
			sourceTree = "<group>";
		};
		DACDCDD3248552570046572D /* LaunchScreen.storyboard */ = {
			isa = PBXVariantGroup;
			children = (
				DACDCDD4248552570046572D /* Base */,
			);
			name = LaunchScreen.storyboard;
			sourceTree = "<group>";
		};
/* End PBXVariantGroup section */

/* Begin XCBuildConfiguration section */
		DACDCDD7248552570046572D /* Debug */ = {
			isa = XCBuildConfiguration;
			buildSettings = {
				ALWAYS_SEARCH_USER_PATHS = NO;
				CLANG_ANALYZER_NONNULL = YES;
				CLANG_ANALYZER_NUMBER_OBJECT_CONVERSION = YES_AGGRESSIVE;
				CLANG_CXX_LANGUAGE_STANDARD = "gnu++14";
				CLANG_CXX_LIBRARY = "libc++";
				CLANG_ENABLE_MODULES = YES;
				CLANG_ENABLE_OBJC_ARC = YES;
				CLANG_ENABLE_OBJC_WEAK = YES;
				CLANG_WARN_BLOCK_CAPTURE_AUTORELEASING = YES;
				CLANG_WARN_BOOL_CONVERSION = YES;
				CLANG_WARN_COMMA = YES;
				CLANG_WARN_CONSTANT_CONVERSION = YES;
				CLANG_WARN_DEPRECATED_OBJC_IMPLEMENTATIONS = YES;
				CLANG_WARN_DIRECT_OBJC_ISA_USAGE = YES_ERROR;
				CLANG_WARN_DOCUMENTATION_COMMENTS = YES;
				CLANG_WARN_EMPTY_BODY = YES;
				CLANG_WARN_ENUM_CONVERSION = YES;
				CLANG_WARN_INFINITE_RECURSION = YES;
				CLANG_WARN_INT_CONVERSION = YES;
				CLANG_WARN_NON_LITERAL_NULL_CONVERSION = YES;
				CLANG_WARN_OBJC_IMPLICIT_RETAIN_SELF = YES;
				CLANG_WARN_OBJC_LITERAL_CONVERSION = YES;
				CLANG_WARN_OBJC_ROOT_CLASS = YES_ERROR;
				CLANG_WARN_RANGE_LOOP_ANALYSIS = YES;
				CLANG_WARN_STRICT_PROTOTYPES = YES;
				CLANG_WARN_SUSPICIOUS_MOVE = YES;
				CLANG_WARN_UNGUARDED_AVAILABILITY = YES_AGGRESSIVE;
				CLANG_WARN_UNREACHABLE_CODE = YES;
				CLANG_WARN__DUPLICATE_METHOD_MATCH = YES;
				COPY_PHASE_STRIP = NO;
				DEBUG_INFORMATION_FORMAT = dwarf;
				ENABLE_STRICT_OBJC_MSGSEND = YES;
				ENABLE_TESTABILITY = YES;
				GCC_C_LANGUAGE_STANDARD = gnu11;
				GCC_DYNAMIC_NO_PIC = NO;
				GCC_NO_COMMON_BLOCKS = YES;
				GCC_OPTIMIZATION_LEVEL = 0;
				GCC_PREPROCESSOR_DEFINITIONS = (
					"DEBUG=1",
					"$(inherited)",
				);
				GCC_WARN_64_TO_32_BIT_CONVERSION = YES;
				GCC_WARN_ABOUT_RETURN_TYPE = YES_ERROR;
				GCC_WARN_UNDECLARED_SELECTOR = YES;
				GCC_WARN_UNINITIALIZED_AUTOS = YES_AGGRESSIVE;
				GCC_WARN_UNUSED_FUNCTION = YES;
				GCC_WARN_UNUSED_VARIABLE = YES;
				IPHONEOS_DEPLOYMENT_TARGET = 13.5;
				MTL_ENABLE_DEBUG_INFO = INCLUDE_SOURCE;
				MTL_FAST_MATH = YES;
				ONLY_ACTIVE_ARCH = YES;
				SDKROOT = iphoneos;
				SWIFT_ACTIVE_COMPILATION_CONDITIONS = DEBUG;
				SWIFT_OPTIMIZATION_LEVEL = "-Onone";
			};
			name = Debug;
		};
		DACDCDD8248552570046572D /* Release */ = {
			isa = XCBuildConfiguration;
			buildSettings = {
				ALWAYS_SEARCH_USER_PATHS = NO;
				CLANG_ANALYZER_NONNULL = YES;
				CLANG_ANALYZER_NUMBER_OBJECT_CONVERSION = YES_AGGRESSIVE;
				CLANG_CXX_LANGUAGE_STANDARD = "gnu++14";
				CLANG_CXX_LIBRARY = "libc++";
				CLANG_ENABLE_MODULES = YES;
				CLANG_ENABLE_OBJC_ARC = YES;
				CLANG_ENABLE_OBJC_WEAK = YES;
				CLANG_WARN_BLOCK_CAPTURE_AUTORELEASING = YES;
				CLANG_WARN_BOOL_CONVERSION = YES;
				CLANG_WARN_COMMA = YES;
				CLANG_WARN_CONSTANT_CONVERSION = YES;
				CLANG_WARN_DEPRECATED_OBJC_IMPLEMENTATIONS = YES;
				CLANG_WARN_DIRECT_OBJC_ISA_USAGE = YES_ERROR;
				CLANG_WARN_DOCUMENTATION_COMMENTS = YES;
				CLANG_WARN_EMPTY_BODY = YES;
				CLANG_WARN_ENUM_CONVERSION = YES;
				CLANG_WARN_INFINITE_RECURSION = YES;
				CLANG_WARN_INT_CONVERSION = YES;
				CLANG_WARN_NON_LITERAL_NULL_CONVERSION = YES;
				CLANG_WARN_OBJC_IMPLICIT_RETAIN_SELF = YES;
				CLANG_WARN_OBJC_LITERAL_CONVERSION = YES;
				CLANG_WARN_OBJC_ROOT_CLASS = YES_ERROR;
				CLANG_WARN_RANGE_LOOP_ANALYSIS = YES;
				CLANG_WARN_STRICT_PROTOTYPES = YES;
				CLANG_WARN_SUSPICIOUS_MOVE = YES;
				CLANG_WARN_UNGUARDED_AVAILABILITY = YES_AGGRESSIVE;
				CLANG_WARN_UNREACHABLE_CODE = YES;
				CLANG_WARN__DUPLICATE_METHOD_MATCH = YES;
				COPY_PHASE_STRIP = NO;
				DEBUG_INFORMATION_FORMAT = "dwarf-with-dsym";
				ENABLE_NS_ASSERTIONS = NO;
				ENABLE_STRICT_OBJC_MSGSEND = YES;
				GCC_C_LANGUAGE_STANDARD = gnu11;
				GCC_NO_COMMON_BLOCKS = YES;
				GCC_WARN_64_TO_32_BIT_CONVERSION = YES;
				GCC_WARN_ABOUT_RETURN_TYPE = YES_ERROR;
				GCC_WARN_UNDECLARED_SELECTOR = YES;
				GCC_WARN_UNINITIALIZED_AUTOS = YES_AGGRESSIVE;
				GCC_WARN_UNUSED_FUNCTION = YES;
				GCC_WARN_UNUSED_VARIABLE = YES;
				IPHONEOS_DEPLOYMENT_TARGET = 13.5;
				MTL_ENABLE_DEBUG_INFO = NO;
				MTL_FAST_MATH = YES;
				SDKROOT = iphoneos;
				SWIFT_COMPILATION_MODE = wholemodule;
				SWIFT_OPTIMIZATION_LEVEL = "-O";
				VALIDATE_PRODUCT = YES;
			};
			name = Release;
		};
		DACDCDDA248552570046572D /* Debug */ = {
			isa = XCBuildConfiguration;
			buildSettings = {
				ASSETCATALOG_COMPILER_APPICON_NAME = AppIcon;
				CODE_SIGN_STYLE = Automatic;
				DEVELOPMENT_TEAM = 4A4J3R44FB;
				INFOPLIST_FILE = TableViewCustomWithXib/Info.plist;
				LD_RUNPATH_SEARCH_PATHS = (
					"$(inherited)",
					"@executable_path/Frameworks",
				);
				PRODUCT_BUNDLE_IDENTIFIER = Rexy.TableViewCustomWithXib;
				PRODUCT_NAME = "$(TARGET_NAME)";
				SWIFT_VERSION = 5.0;
				TARGETED_DEVICE_FAMILY = "1,2";
			};
			name = Debug;
		};
		DACDCDDB248552570046572D /* Release */ = {
			isa = XCBuildConfiguration;
			buildSettings = {
				ASSETCATALOG_COMPILER_APPICON_NAME = AppIcon;
				CODE_SIGN_STYLE = Automatic;
				DEVELOPMENT_TEAM = 4A4J3R44FB;
				INFOPLIST_FILE = TableViewCustomWithXib/Info.plist;
				LD_RUNPATH_SEARCH_PATHS = (
					"$(inherited)",
					"@executable_path/Frameworks",
				);
				PRODUCT_BUNDLE_IDENTIFIER = Rexy.TableViewCustomWithXib;
				PRODUCT_NAME = "$(TARGET_NAME)";
				SWIFT_VERSION = 5.0;
				TARGETED_DEVICE_FAMILY = "1,2";
			};
			name = Release;
		};
/* End XCBuildConfiguration section */

/* Begin XCConfigurationList section */
		DACDCDC0248552560046572D /* Build configuration list for PBXProject "TableViewCustomWithXib" */ = {
			isa = XCConfigurationList;
			buildConfigurations = (
				DACDCDD7248552570046572D /* Debug */,
				DACDCDD8248552570046572D /* Release */,
			);
			defaultConfigurationIsVisible = 0;
			defaultConfigurationName = Release;
		};
		DACDCDD9248552570046572D /* Build configuration list for PBXNativeTarget "TableViewCustomWithXib" */ = {
			isa = XCConfigurationList;
			buildConfigurations = (
				DACDCDDA248552570046572D /* Debug */,
				DACDCDDB248552570046572D /* Release */,
			);
			defaultConfigurationIsVisible = 0;
			defaultConfigurationName = Release;
		};
/* End XCConfigurationList section */
	};
	rootObject = DACDCDBD248552560046572D /* Project object */;
}
